{
  "name": "@scola/sys-rest",
  "version": "0.0.0",
  "lockfileVersion": 1,
  "requires": true,
  "dependencies": {
    "@scola/error": {
      "version": "5.1.0",
      "resolved": "https://registry.npmjs.org/@scola/error/-/error-5.1.0.tgz",
      "integrity": "sha1-TeGof6tYO5X9pasU350fJYR0m00="
    },
    "@scola/validator": {
      "version": "6.1.2",
      "resolved": "https://registry.npmjs.org/@scola/validator/-/validator-6.1.2.tgz",
      "integrity": "sha512-pgTlmMTlbCnWkyEYiUWppwYUHuJ84e6pb+VMSHB0kjyKiOYgOfPB6wWmRWsTsrfRHftEtBC5DFT2OEOIyK88Vw==",
      "requires": {
        "@scola/error": "5.1.0",
        "lodash-es": "4.17.4"
      }
    },
    "async": {
      "version": "2.5.0",
      "resolved": "https://registry.npmjs.org/async/-/async-2.5.0.tgz",
      "integrity": "sha512-e+lJAJeNWuPCNyxZKOBdaJGyLGHugXVQtrAwtuAe2vhxTYxFTKE73p8JuTmdH0qdQZtDvI4dhJwjZc5zsfIsYw==",
      "requires": {
        "lodash": "4.17.4"
      }
    },
    "lodash": {
      "version": "4.17.4",
      "resolved": "https://registry.npmjs.org/lodash/-/lodash-4.17.4.tgz",
      "integrity": "sha1-eCA6TRwyiuHYbcpkYONptX9AVa4="
    },
    "lodash-es": {
      "version": "4.17.4",
      "resolved": "https://registry.npmjs.org/lodash-es/-/lodash-es-4.17.4.tgz",
      "integrity": "sha1-3MHXVS4VCgZABzupyzHXDwMpUOc="
    },
    "sprintf": {
      "version": "0.1.5",
      "resolved": "https://registry.npmjs.org/sprintf/-/sprintf-0.1.5.tgz",
      "integrity": "sha1-j4PjmpMXwaUCy324BQ5Rxnn27c8="
    }
  }
}
